
Microsoft Visual Studio Solution File, Format Version 12.00
# Visual Studio Version 17
VisualStudioVersion = 17.8.34330.188
MinimumVisualStudioVersion = 10.0.40219.1
Project("{FAE04EC0-301F-11D3-BF4B-00C04F79EFBC}") = "JsonToCsharp", "JsonToCsharp\JsonToCsharp.csproj", "{5D21078D-3CB5-47F3-A49D-4B203F271DD2}"
EndProject
Global
	GlobalSection(SolutionConfigurationPlatforms) = preSolution
		Debug|Any CPU = Debug|Any CPU
		Release|Any CPU = Release|Any CPU
	EndGlobalSection
	GlobalSection(ProjectConfigurationPlatforms) = postSolution
		{5D21078D-3CB5-47F3-A49D-4B203F271DD2}.Debug|Any CPU.ActiveCfg = Debug|Any CPU
		{5D21078D-3CB5-47F3-A49D-4B203F271DD2}.Debug|Any CPU.Build.0 = Debug|Any CPU
		{5D21078D-3CB5-47F3-A49D-4B203F271DD2}.Release|Any CPU.ActiveCfg = Release|Any CPU
		{5D21078D-3CB5-47F3-A49D-4B203F271DD2}.Release|Any CPU.Build.0 = Release|Any CPU
	EndGlobalSection
	GlobalSection(SolutionProperties) = preSolution
		HideSolutionNode = FALSE
	EndGlobalSection
	GlobalSection(ExtensibilityGlobals) = postSolution
		SolutionGuid = {587E5A61-BC5E-4A54-9AF6-A7781AA30706}
	EndGlobalSection
EndGlobal
